{
  "name": "fakeperson",
  "version": "0.0.1",
  "lockfileVersion": 3,
  "requires": true,
  "packages": {
    "": {
      "name": "fakeperson",
      "version": "0.0.1",
      "license": "ISC",
      "dependencies": {
        "fake-identity": "^1.0.6"
      }
    },
    "node_modules/fake-identity": {
      "version": "1.0.6",
      "resolved": "https://registry.npmjs.org/fake-identity/-/fake-identity-1.0.6.tgz",
      "integrity": "sha512-6QWbLxYhOKrNEra1pRLiwoStib+zhw3aKnlLGqUT6tFV2Ek+907BWtOrd+jx0FynCq6apb9Yyo/1+NvCg2Kynw==",
      "engines": {
        "node": ">= 0.10.0"
      }
    }
  }
}
